{
  "name": "ouc",
  "version": "1.0.0",
  "lockfileVersion": 1,
  "requires": true,
  "dependencies": {
    "@ohos/common": {
      "version": "file:../../../common"
    },
    "@ohos/ota": {
      "version": "file:../../../feature/ota",
      "requires": {
        "@ohos/common": "file:../../../common"
      },
      "dependencies": {
        "@ohos/common": {
          "version": "file:../../../common"
        }
      }
    }
  }
}
